
Microsoft Visual Studio Solution File, Format Version 12.00
# Visual Studio Version 17
VisualStudioVersion = 17.5.33516.290
MinimumVisualStudioVersion = 10.0.40219.1
Project("{FAE04EC0-301F-11D3-BF4B-00C04F79EFBC}") = "TshirtWeb", "TshirtWeb\TshirtWeb.csproj", "{917FC789-72D0-442E-8AE9-00E9FF4DAE50}"
EndProject
Global
	GlobalSection(SolutionConfigurationPlatforms) = preSolution
		Debug|Any CPU = Debug|Any CPU
		Release|Any CPU = Release|Any CPU
	EndGlobalSection
	GlobalSection(ProjectConfigurationPlatforms) = postSolution
		{917FC789-72D0-442E-8AE9-00E9FF4DAE50}.Debug|Any CPU.ActiveCfg = Debug|Any CPU
		{917FC789-72D0-442E-8AE9-00E9FF4DAE50}.Debug|Any CPU.Build.0 = Debug|Any CPU
		{917FC789-72D0-442E-8AE9-00E9FF4DAE50}.Release|Any CPU.ActiveCfg = Release|Any CPU
		{917FC789-72D0-442E-8AE9-00E9FF4DAE50}.Release|Any CPU.Build.0 = Release|Any CPU
	EndGlobalSection
	GlobalSection(SolutionProperties) = preSolution
		HideSolutionNode = FALSE
	EndGlobalSection
	GlobalSection(ExtensibilityGlobals) = postSolution
		SolutionGuid = {12EFFC7A-8685-463D-88A1-3880C54DCAF7}
	EndGlobalSection
EndGlobal
